// !$*UTF8*$!
{
	archiveVersion = 1;
	classes = {
	};
	objectVersion = 55;
	objects = {

/* Begin PBXBuildFile section */
		06A3712028AD75AD0097D417 /* CodeChallegeApp.swift in Sources */ = {isa = PBXBuildFile; fileRef = 06A3711F28AD75AD0097D417 /* CodeChallegeApp.swift */; };
		06A3712428AD75B10097D417 /* Assets.xcassets in Resources */ = {isa = PBXBuildFile; fileRef = 06A3712328AD75B10097D417 /* Assets.xcassets */; };
		06A3712728AD75B20097D417 /* Preview Assets.xcassets in Resources */ = {isa = PBXBuildFile; fileRef = 06A3712628AD75B20097D417 /* Preview Assets.xcassets */; };
		06A3712C28AD75B20097D417 /* CodeChallege.xcdatamodeld in Sources */ = {isa = PBXBuildFile; fileRef = 06A3712A28AD75B20097D417 /* CodeChallege.xcdatamodeld */; };
		06A3713628AD75B20097D417 /* CodeChallegeTests.swift in Sources */ = {isa = PBXBuildFile; fileRef = 06A3713528AD75B20097D417 /* CodeChallegeTests.swift */; };
		06A3714028AD75B20097D417 /* CodeChallegeUITests.swift in Sources */ = {isa = PBXBuildFile; fileRef = 06A3713F28AD75B20097D417 /* CodeChallegeUITests.swift */; };
		06A3714228AD75B20097D417 /* CodeChallegeUITestsLaunchTests.swift in Sources */ = {isa = PBXBuildFile; fileRef = 06A3714128AD75B20097D417 /* CodeChallegeUITestsLaunchTests.swift */; };
		06A3714F28AD76630097D417 /* MapViewModel.swift in Sources */ = {isa = PBXBuildFile; fileRef = 06A3714E28AD76630097D417 /* MapViewModel.swift */; };
		06A3715128ADC7220097D417 /* Location.swift in Sources */ = {isa = PBXBuildFile; fileRef = 06A3715028ADC7220097D417 /* Location.swift */; };
		06A3715328ADC7800097D417 /* MapView.swift in Sources */ = {isa = PBXBuildFile; fileRef = 06A3715228ADC7800097D417 /* MapView.swift */; };
		06A3715528ADC8020097D417 /* LocationCell.swift in Sources */ = {isa = PBXBuildFile; fileRef = 06A3715428ADC8020097D417 /* LocationCell.swift */; };
/* End PBXBuildFile section */

/* Begin PBXContainerItemProxy section */
		06A3713228AD75B20097D417 /* PBXContainerItemProxy */ = {
			isa = PBXContainerItemProxy;
			containerPortal = 06A3711428AD75AD0097D417 /* Project object */;
			proxyType = 1;
			remoteGlobalIDString = 06A3711B28AD75AD0097D417;
			remoteInfo = CodeChallege;
		};
		06A3713C28AD75B20097D417 /* PBXContainerItemProxy */ = {
			isa = PBXContainerItemProxy;
			containerPortal = 06A3711428AD75AD0097D417 /* Project object */;
			proxyType = 1;
			remoteGlobalIDString = 06A3711B28AD75AD0097D417;
			remoteInfo = CodeChallege;
		};
/* End PBXContainerItemProxy section */

/* Begin PBXFileReference section */
		06A3711C28AD75AD0097D417 /* CodeChallege.app */ = {isa = PBXFileReference; explicitFileType = wrapper.application; includeInIndex = 0; path = CodeChallege.app; sourceTree = BUILT_PRODUCTS_DIR; };
		06A3711F28AD75AD0097D417 /* CodeChallegeApp.swift */ = {isa = PBXFileReference; lastKnownFileType = sourcecode.swift; path = CodeChallegeApp.swift; sourceTree = "<group>"; };
		06A3712328AD75B10097D417 /* Assets.xcassets */ = {isa = PBXFileReference; lastKnownFileType = folder.assetcatalog; path = Assets.xcassets; sourceTree = "<group>"; };
		06A3712628AD75B20097D417 /* Preview Assets.xcassets */ = {isa = PBXFileReference; lastKnownFileType = folder.assetcatalog; path = "Preview Assets.xcassets"; sourceTree = "<group>"; };
		06A3712B28AD75B20097D417 /* CodeChallege.xcdatamodel */ = {isa = PBXFileReference; lastKnownFileType = wrapper.xcdatamodel; path = CodeChallege.xcdatamodel; sourceTree = "<group>"; };
		06A3713128AD75B20097D417 /* CodeChallegeTests.xctest */ = {isa = PBXFileReference; explicitFileType = wrapper.cfbundle; includeInIndex = 0; path = CodeChallegeTests.xctest; sourceTree = BUILT_PRODUCTS_DIR; };
		06A3713528AD75B20097D417 /* CodeChallegeTests.swift */ = {isa = PBXFileReference; lastKnownFileType = sourcecode.swift; path = CodeChallegeTests.swift; sourceTree = "<group>"; };
		06A3713B28AD75B20097D417 /* CodeChallegeUITests.xctest */ = {isa = PBXFileReference; explicitFileType = wrapper.cfbundle; includeInIndex = 0; path = CodeChallegeUITests.xctest; sourceTree = BUILT_PRODUCTS_DIR; };
		06A3713F28AD75B20097D417 /* CodeChallegeUITests.swift */ = {isa = PBXFileReference; lastKnownFileType = sourcecode.swift; path = CodeChallegeUITests.swift; sourceTree = "<group>"; };
		06A3714128AD75B20097D417 /* CodeChallegeUITestsLaunchTests.swift */ = {isa = PBXFileReference; lastKnownFileType = sourcecode.swift; path = CodeChallegeUITestsLaunchTests.swift; sourceTree = "<group>"; };
		06A3714E28AD76630097D417 /* MapViewModel.swift */ = {isa = PBXFileReference; lastKnownFileType = sourcecode.swift; path = MapViewModel.swift; sourceTree = "<group>"; };
		06A3715028ADC7220097D417 /* Location.swift */ = {isa = PBXFileReference; lastKnownFileType = sourcecode.swift; path = Location.swift; sourceTree = "<group>"; };
		06A3715228ADC7800097D417 /* MapView.swift */ = {isa = PBXFileReference; lastKnownFileType = sourcecode.swift; path = MapView.swift; sourceTree = "<group>"; };
		06A3715428ADC8020097D417 /* LocationCell.swift */ = {isa = PBXFileReference; lastKnownFileType = sourcecode.swift; path = LocationCell.swift; sourceTree = "<group>"; };
/* End PBXFileReference section */

/* Begin PBXFrameworksBuildPhase section */
		06A3711928AD75AD0097D417 /* Frameworks */ = {
			isa = PBXFrameworksBuildPhase;
			buildActionMask = 2147483647;
			files = (
			);
			runOnlyForDeploymentPostprocessing = 0;
		};
		06A3712E28AD75B20097D417 /* Frameworks */ = {
			isa = PBXFrameworksBuildPhase;
			buildActionMask = 2147483647;
			files = (
			);
			runOnlyForDeploymentPostprocessing = 0;
		};
		06A3713828AD75B20097D417 /* Frameworks */ = {
			isa = PBXFrameworksBuildPhase;
			buildActionMask = 2147483647;
			files = (
			);
			runOnlyForDeploymentPostprocessing = 0;
		};
/* End PBXFrameworksBuildPhase section */

/* Begin PBXGroup section */
		06A3711328AD75AD0097D417 = {
			isa = PBXGroup;
			children = (
				06A3711E28AD75AD0097D417 /* CodeChallege */,
				06A3713428AD75B20097D417 /* CodeChallegeTests */,
				06A3713E28AD75B20097D417 /* CodeChallegeUITests */,
				06A3711D28AD75AD0097D417 /* Products */,
			);
			sourceTree = "<group>";
		};
		06A3711D28AD75AD0097D417 /* Products */ = {
			isa = PBXGroup;
			children = (
				06A3711C28AD75AD0097D417 /* CodeChallege.app */,
				06A3713128AD75B20097D417 /* CodeChallegeTests.xctest */,
				06A3713B28AD75B20097D417 /* CodeChallegeUITests.xctest */,
			);
			name = Products;
			sourceTree = "<group>";
		};
		06A3711E28AD75AD0097D417 /* CodeChallege */ = {
			isa = PBXGroup;
			children = (
				06A3711F28AD75AD0097D417 /* CodeChallegeApp.swift */,
				06A3714E28AD76630097D417 /* MapViewModel.swift */,
				06A3715428ADC8020097D417 /* LocationCell.swift */,
				06A3715228ADC7800097D417 /* MapView.swift */,
				06A3715028ADC7220097D417 /* Location.swift */,
				06A3712328AD75B10097D417 /* Assets.xcassets */,
				06A3712A28AD75B20097D417 /* CodeChallege.xcdatamodeld */,
				06A3712528AD75B20097D417 /* Preview Content */,
			);
			path = CodeChallege;
			sourceTree = "<group>";
		};
		06A3712528AD75B20097D417 /* Preview Content */ = {
			isa = PBXGroup;
			children = (
				06A3712628AD75B20097D417 /* Preview Assets.xcassets */,
			);
			path = "Preview Content";
			sourceTree = "<group>";
		};
		06A3713428AD75B20097D417 /* CodeChallegeTests */ = {
			isa = PBXGroup;
			children = (
				06A3713528AD75B20097D417 /* CodeChallegeTests.swift */,
			);
			path = CodeChallegeTests;
			sourceTree = "<group>";
		};
		06A3713E28AD75B20097D417 /* CodeChallegeUITests */ = {
			isa = PBXGroup;
			children = (
				06A3713F28AD75B20097D417 /* CodeChallegeUITests.swift */,
				06A3714128AD75B20097D417 /* CodeChallegeUITestsLaunchTests.swift */,
			);
			path = CodeChallegeUITests;
			sourceTree = "<group>";
		};
/* End PBXGroup section */

/* Begin PBXNativeTarget section */
		06A3711B28AD75AD0097D417 /* CodeChallege */ = {
			isa = PBXNativeTarget;
			buildConfigurationList = 06A3714528AD75B20097D417 /* Build configuration list for PBXNativeTarget "CodeChallege" */;
			buildPhases = (
				06A3711828AD75AD0097D417 /* Sources */,
				06A3711928AD75AD0097D417 /* Frameworks */,
				06A3711A28AD75AD0097D417 /* Resources */,
			);
			buildRules = (
			);
			dependencies = (
			);
			name = CodeChallege;
			productName = CodeChallege;
			productReference = 06A3711C28AD75AD0097D417 /* CodeChallege.app */;
			productType = "com.apple.product-type.application";
		};
		06A3713028AD75B20097D417 /* CodeChallegeTests */ = {
			isa = PBXNativeTarget;
			buildConfigurationList = 06A3714828AD75B20097D417 /* Build configuration list for PBXNativeTarget "CodeChallegeTests" */;
			buildPhases = (
				06A3712D28AD75B20097D417 /* Sources */,
				06A3712E28AD75B20097D417 /* Frameworks */,
				06A3712F28AD75B20097D417 /* Resources */,
			);
			buildRules = (
			);
			dependencies = (
				06A3713328AD75B20097D417 /* PBXTargetDependency */,
			);
			name = CodeChallegeTests;
			productName = CodeChallegeTests;
			productReference = 06A3713128AD75B20097D417 /* CodeChallegeTests.xctest */;
			productType = "com.apple.product-type.bundle.unit-test";
		};
		06A3713A28AD75B20097D417 /* CodeChallegeUITests */ = {
			isa = PBXNativeTarget;
			buildConfigurationList = 06A3714B28AD75B20097D417 /* Build configuration list for PBXNativeTarget "CodeChallegeUITests" */;
			buildPhases = (
				06A3713728AD75B20097D417 /* Sources */,
				06A3713828AD75B20097D417 /* Frameworks */,
				06A3713928AD75B20097D417 /* Resources */,
			);
			buildRules = (
			);
			dependencies = (
				06A3713D28AD75B20097D417 /* PBXTargetDependency */,
			);
			name = CodeChallegeUITests;
			productName = CodeChallegeUITests;
			productReference = 06A3713B28AD75B20097D417 /* CodeChallegeUITests.xctest */;
			productType = "com.apple.product-type.bundle.ui-testing";
		};
/* End PBXNativeTarget section */

/* Begin PBXProject section */
		06A3711428AD75AD0097D417 /* Project object */ = {
			isa = PBXProject;
			attributes = {
				BuildIndependentTargetsInParallel = 1;
				LastSwiftUpdateCheck = 1340;
				LastUpgradeCheck = 1340;
				TargetAttributes = {
					06A3711B28AD75AD0097D417 = {
						CreatedOnToolsVersion = 13.4.1;
					};
					06A3713028AD75B20097D417 = {
						CreatedOnToolsVersion = 13.4.1;
						TestTargetID = 06A3711B28AD75AD0097D417;
					};
					06A3713A28AD75B20097D417 = {
						CreatedOnToolsVersion = 13.4.1;
						TestTargetID = 06A3711B28AD75AD0097D417;
					};
				};
			};
			buildConfigurationList = 06A3711728AD75AD0097D417 /* Build configuration list for PBXProject "CodeChallege" */;
			compatibilityVersion = "Xcode 13.0";
			developmentRegion = en;
			hasScannedForEncodings = 0;
			knownRegions = (
				en,
				Base,
			);
			mainGroup = 06A3711328AD75AD0097D417;
			productRefGroup = 06A3711D28AD75AD0097D417 /* Products */;
			projectDirPath = "";
			projectRoot = "";
			targets = (
				06A3711B28AD75AD0097D417 /* CodeChallege */,
				06A3713028AD75B20097D417 /* CodeChallegeTests */,
				06A3713A28AD75B20097D417 /* CodeChallegeUITests */,
			);
		};
/* End PBXProject section */

/* Begin PBXResourcesBuildPhase section */
		06A3711A28AD75AD0097D417 /* Resources */ = {
			isa = PBXResourcesBuildPhase;
			buildActionMask = 2147483647;
			files = (
				06A3712728AD75B20097D417 /* Preview Assets.xcassets in Resources */,
				06A3712428AD75B10097D417 /* Assets.xcassets in Resources */,
			);
			runOnlyForDeploymentPostprocessing = 0;
		};
		06A3712F28AD75B20097D417 /* Resources */ = {
			isa = PBXResourcesBuildPhase;
			buildActionMask = 2147483647;
			files = (
			);
			runOnlyForDeploymentPostprocessing = 0;
		};
		06A3713928AD75B20097D417 /* Resources */ = {
			isa = PBXResourcesBuildPhase;
			buildActionMask = 2147483647;
			files = (
			);
			runOnlyForDeploymentPostprocessing = 0;
		};
/* End PBXResourcesBuildPhase section */

/* Begin PBXSourcesBuildPhase section */
		06A3711828AD75AD0097D417 /* Sources */ = {
			isa = PBXSourcesBuildPhase;
			buildActionMask = 2147483647;
			files = (
				06A3715528ADC8020097D417 /* LocationCell.swift in Sources */,
				06A3714F28AD76630097D417 /* MapViewModel.swift in Sources */,
				06A3712C28AD75B20097D417 /* CodeChallege.xcdatamodeld in Sources */,
				06A3715328ADC7800097D417 /* MapView.swift in Sources */,
				06A3715128ADC7220097D417 /* Location.swift in Sources */,
				06A3712028AD75AD0097D417 /* CodeChallegeApp.swift in Sources */,
			);
			runOnlyForDeploymentPostprocessing = 0;
		};
		06A3712D28AD75B20097D417 /* Sources */ = {
			isa = PBXSourcesBuildPhase;
			buildActionMask = 2147483647;
			files = (
				06A3713628AD75B20097D417 /* CodeChallegeTests.swift in Sources */,
			);
			runOnlyForDeploymentPostprocessing = 0;
		};
		06A3713728AD75B20097D417 /* Sources */ = {
			isa = PBXSourcesBuildPhase;
			buildActionMask = 2147483647;
			files = (
				06A3714228AD75B20097D417 /* CodeChallegeUITestsLaunchTests.swift in Sources */,
				06A3714028AD75B20097D417 /* CodeChallegeUITests.swift in Sources */,
			);
			runOnlyForDeploymentPostprocessing = 0;
		};
/* End PBXSourcesBuildPhase section */

/* Begin PBXTargetDependency section */
		06A3713328AD75B20097D417 /* PBXTargetDependency */ = {
			isa = PBXTargetDependency;
			target = 06A3711B28AD75AD0097D417 /* CodeChallege */;
			targetProxy = 06A3713228AD75B20097D417 /* PBXContainerItemProxy */;
		};
		06A3713D28AD75B20097D417 /* PBXTargetDependency */ = {
			isa = PBXTargetDependency;
			target = 06A3711B28AD75AD0097D417 /* CodeChallege */;
			targetProxy = 06A3713C28AD75B20097D417 /* PBXContainerItemProxy */;
		};
/* End PBXTargetDependency section */

/* Begin XCBuildConfiguration section */
		06A3714328AD75B20097D417 /* Debug */ = {
			isa = XCBuildConfiguration;
			buildSettings = {
				ALWAYS_SEARCH_USER_PATHS = NO;
				CLANG_ANALYZER_NONNULL = YES;
				CLANG_ANALYZER_NUMBER_OBJECT_CONVERSION = YES_AGGRESSIVE;
				CLANG_CXX_LANGUAGE_STANDARD = "gnu++17";
				CLANG_ENABLE_MODULES = YES;
				CLANG_ENABLE_OBJC_ARC = YES;
				CLANG_ENABLE_OBJC_WEAK = YES;
				CLANG_WARN_BLOCK_CAPTURE_AUTORELEASING = YES;
				CLANG_WARN_BOOL_CONVERSION = YES;
				CLANG_WARN_COMMA = YES;
				CLANG_WARN_CONSTANT_CONVERSION = YES;
				CLANG_WARN_DEPRECATED_OBJC_IMPLEMENTATIONS = YES;
				CLANG_WARN_DIRECT_OBJC_ISA_USAGE = YES_ERROR;
				CLANG_WARN_DOCUMENTATION_COMMENTS = YES;
				CLANG_WARN_EMPTY_BODY = YES;
				CLANG_WARN_ENUM_CONVERSION = YES;
				CLANG_WARN_INFINITE_RECURSION = YES;
				CLANG_WARN_INT_CONVERSION = YES;
				CLANG_WARN_NON_LITERAL_NULL_CONVERSION = YES;
				CLANG_WARN_OBJC_IMPLICIT_RETAIN_SELF = YES;
				CLANG_WARN_OBJC_LITERAL_CONVERSION = YES;
				CLANG_WARN_OBJC_ROOT_CLASS = YES_ERROR;
				CLANG_WARN_QUOTED_INCLUDE_IN_FRAMEWORK_HEADER = YES;
				CLANG_WARN_RANGE_LOOP_ANALYSIS = YES;
				CLANG_WARN_STRICT_PROTOTYPES = YES;
				CLANG_WARN_SUSPICIOUS_MOVE = YES;
				CLANG_WARN_UNGUARDED_AVAILABILITY = YES_AGGRESSIVE;
				CLANG_WARN_UNREACHABLE_CODE = YES;
				CLANG_WARN__DUPLICATE_METHOD_MATCH = YES;
				COPY_PHASE_STRIP = NO;
				DEBUG_INFORMATION_FORMAT = dwarf;
				ENABLE_STRICT_OBJC_MSGSEND = YES;
				ENABLE_TESTABILITY = YES;
				GCC_C_LANGUAGE_STANDARD = gnu11;
				GCC_DYNAMIC_NO_PIC = NO;
				GCC_NO_COMMON_BLOCKS = YES;
				GCC_OPTIMIZATION_LEVEL = 0;
				GCC_PREPROCESSOR_DEFINITIONS = (
					"DEBUG=1",
					"$(inherited)",
				);
				GCC_WARN_64_TO_32_BIT_CONVERSION = YES;
				GCC_WARN_ABOUT_RETURN_TYPE = YES_ERROR;
				GCC_WARN_UNDECLARED_SELECTOR = YES;
				GCC_WARN_UNINITIALIZED_AUTOS = YES_AGGRESSIVE;
				GCC_WARN_UNUSED_FUNCTION = YES;
				GCC_WARN_UNUSED_VARIABLE = YES;
				IPHONEOS_DEPLOYMENT_TARGET = 15.5;
				MTL_ENABLE_DEBUG_INFO = INCLUDE_SOURCE;
				MTL_FAST_MATH = YES;
				ONLY_ACTIVE_ARCH = YES;
				SDKROOT = iphoneos;
				SWIFT_ACTIVE_COMPILATION_CONDITIONS = DEBUG;
				SWIFT_OPTIMIZATION_LEVEL = "-Onone";
			};
			name = Debug;
		};
		06A3714428AD75B20097D417 /* Release */ = {
			isa = XCBuildConfiguration;
			buildSettings = {
				ALWAYS_SEARCH_USER_PATHS = NO;
				CLANG_ANALYZER_NONNULL = YES;
				CLANG_ANALYZER_NUMBER_OBJECT_CONVERSION = YES_AGGRESSIVE;
				CLANG_CXX_LANGUAGE_STANDARD = "gnu++17";
				CLANG_ENABLE_MODULES = YES;
				CLANG_ENABLE_OBJC_ARC = YES;
				CLANG_ENABLE_OBJC_WEAK = YES;
				CLANG_WARN_BLOCK_CAPTURE_AUTORELEASING = YES;
				CLANG_WARN_BOOL_CONVERSION = YES;
				CLANG_WARN_COMMA = YES;
				CLANG_WARN_CONSTANT_CONVERSION = YES;
				CLANG_WARN_DEPRECATED_OBJC_IMPLEMENTATIONS = YES;
				CLANG_WARN_DIRECT_OBJC_ISA_USAGE = YES_ERROR;
				CLANG_WARN_DOCUMENTATION_COMMENTS = YES;
				CLANG_WARN_EMPTY_BODY = YES;
				CLANG_WARN_ENUM_CONVERSION = YES;
				CLANG_WARN_INFINITE_RECURSION = YES;
				CLANG_WARN_INT_CONVERSION = YES;
				CLANG_WARN_NON_LITERAL_NULL_CONVERSION = YES;
				CLANG_WARN_OBJC_IMPLICIT_RETAIN_SELF = YES;
				CLANG_WARN_OBJC_LITERAL_CONVERSION = YES;
				CLANG_WARN_OBJC_ROOT_CLASS = YES_ERROR;
				CLANG_WARN_QUOTED_INCLUDE_IN_FRAMEWORK_HEADER = YES;
				CLANG_WARN_RANGE_LOOP_ANALYSIS = YES;
				CLANG_WARN_STRICT_PROTOTYPES = YES;
				CLANG_WARN_SUSPICIOUS_MOVE = YES;
				CLANG_WARN_UNGUARDED_AVAILABILITY = YES_AGGRESSIVE;
				CLANG_WARN_UNREACHABLE_CODE = YES;
				CLANG_WARN__DUPLICATE_METHOD_MATCH = YES;
				COPY_PHASE_STRIP = NO;
				DEBUG_INFORMATION_FORMAT = "dwarf-with-dsym";
				ENABLE_NS_ASSERTIONS = NO;
				ENABLE_STRICT_OBJC_MSGSEND = YES;
				GCC_C_LANGUAGE_STANDARD = gnu11;
				GCC_NO_COMMON_BLOCKS = YES;
				GCC_WARN_64_TO_32_BIT_CONVERSION = YES;
				GCC_WARN_ABOUT_RETURN_TYPE = YES_ERROR;
				GCC_WARN_UNDECLARED_SELECTOR = YES;
				GCC_WARN_UNINITIALIZED_AUTOS = YES_AGGRESSIVE;
				GCC_WARN_UNUSED_FUNCTION = YES;
				GCC_WARN_UNUSED_VARIABLE = YES;
				IPHONEOS_DEPLOYMENT_TARGET = 15.5;
				MTL_ENABLE_DEBUG_INFO = NO;
				MTL_FAST_MATH = YES;
				SDKROOT = iphoneos;
				SWIFT_COMPILATION_MODE = wholemodule;
				SWIFT_OPTIMIZATION_LEVEL = "-O";
				VALIDATE_PRODUCT = YES;
			};
			name = Release;
		};
		06A3714628AD75B20097D417 /* Debug */ = {
			isa = XCBuildConfiguration;
			buildSettings = {
				ASSETCATALOG_COMPILER_APPICON_NAME = AppIcon;
				ASSETCATALOG_COMPILER_GLOBAL_ACCENT_COLOR_NAME = AccentColor;
				CODE_SIGN_STYLE = Automatic;
				CURRENT_PROJECT_VERSION = 1;
				DEVELOPMENT_ASSET_PATHS = "\"CodeChallege/Preview Content\"";
				DEVELOPMENT_TEAM = J5RNLY2LS2;
				ENABLE_PREVIEWS = YES;
				GENERATE_INFOPLIST_FILE = YES;
				INFOPLIST_KEY_UIApplicationSceneManifest_Generation = YES;
				INFOPLIST_KEY_UIApplicationSupportsIndirectInputEvents = YES;
				INFOPLIST_KEY_UILaunchScreen_Generation = YES;
				INFOPLIST_KEY_UISupportedInterfaceOrientations_iPad = "UIInterfaceOrientationPortrait UIInterfaceOrientationPortraitUpsideDown UIInterfaceOrientationLandscapeLeft UIInterfaceOrientationLandscapeRight";
				INFOPLIST_KEY_UISupportedInterfaceOrientations_iPhone = "UIInterfaceOrientationPortrait UIInterfaceOrientationLandscapeLeft UIInterfaceOrientationLandscapeRight";
				LD_RUNPATH_SEARCH_PATHS = (
					"$(inherited)",
					"@executable_path/Frameworks",
				);
				MARKETING_VERSION = 1.0;
				PRODUCT_BUNDLE_IDENTIFIER = Alex.CodeChallege;
				PRODUCT_NAME = "$(TARGET_NAME)";
				SWIFT_EMIT_LOC_STRINGS = YES;
				SWIFT_VERSION = 5.0;
				TARGETED_DEVICE_FAMILY = "1,2";
			};
			name = Debug;
		};
		06A3714728AD75B20097D417 /* Release */ = {
			isa = XCBuildConfiguration;
			buildSettings = {
				ASSETCATALOG_COMPILER_APPICON_NAME = AppIcon;
				ASSETCATALOG_COMPILER_GLOBAL_ACCENT_COLOR_NAME = AccentColor;
				CODE_SIGN_STYLE = Automatic;
				CURRENT_PROJECT_VERSION = 1;
				DEVELOPMENT_ASSET_PATHS = "\"CodeChallege/Preview Content\"";
				DEVELOPMENT_TEAM = J5RNLY2LS2;
				ENABLE_PREVIEWS = YES;
				GENERATE_INFOPLIST_FILE = YES;
				INFOPLIST_KEY_UIApplicationSceneManifest_Generation = YES;
				INFOPLIST_KEY_UIApplicationSupportsIndirectInputEvents = YES;
				INFOPLIST_KEY_UILaunchScreen_Generation = YES;
				INFOPLIST_KEY_UISupportedInterfaceOrientations_iPad = "UIInterfaceOrientationPortrait UIInterfaceOrientationPortraitUpsideDown UIInterfaceOrientationLandscapeLeft UIInterfaceOrientationLandscapeRight";
				INFOPLIST_KEY_UISupportedInterfaceOrientations_iPhone = "UIInterfaceOrientationPortrait UIInterfaceOrientationLandscapeLeft UIInterfaceOrientationLandscapeRight";
				LD_RUNPATH_SEARCH_PATHS = (
					"$(inherited)",
					"@executable_path/Frameworks",
				);
				MARKETING_VERSION = 1.0;
				PRODUCT_BUNDLE_IDENTIFIER = Alex.CodeChallege;
				PRODUCT_NAME = "$(TARGET_NAME)";
				SWIFT_EMIT_LOC_STRINGS = YES;
				SWIFT_VERSION = 5.0;
				TARGETED_DEVICE_FAMILY = "1,2";
			};
			name = Release;
		};
		06A3714928AD75B20097D417 /* Debug */ = {
			isa = XCBuildConfiguration;
			buildSettings = {
				ALWAYS_EMBED_SWIFT_STANDARD_LIBRARIES = YES;
				BUNDLE_LOADER = "$(TEST_HOST)";
				CODE_SIGN_STYLE = Automatic;
				CURRENT_PROJECT_VERSION = 1;
				DEVELOPMENT_TEAM = J5RNLY2LS2;
				GENERATE_INFOPLIST_FILE = YES;
				IPHONEOS_DEPLOYMENT_TARGET = 15.5;
				MARKETING_VERSION = 1.0;
				PRODUCT_BUNDLE_IDENTIFIER = Alex.CodeChallegeTests;
				PRODUCT_NAME = "$(TARGET_NAME)";
				SWIFT_EMIT_LOC_STRINGS = NO;
				SWIFT_VERSION = 5.0;
				TARGETED_DEVICE_FAMILY = "1,2";
				TEST_HOST = "$(BUILT_PRODUCTS_DIR)/CodeChallege.app/CodeChallege";
			};
			name = Debug;
		};
		06A3714A28AD75B20097D417 /* Release */ = {
			isa = XCBuildConfiguration;
			buildSettings = {
				ALWAYS_EMBED_SWIFT_STANDARD_LIBRARIES = YES;
				BUNDLE_LOADER = "$(TEST_HOST)";
				CODE_SIGN_STYLE = Automatic;
				CURRENT_PROJECT_VERSION = 1;
				DEVELOPMENT_TEAM = J5RNLY2LS2;
				GENERATE_INFOPLIST_FILE = YES;
				IPHONEOS_DEPLOYMENT_TARGET = 15.5;
				MARKETING_VERSION = 1.0;
				PRODUCT_BUNDLE_IDENTIFIER = Alex.CodeChallegeTests;
				PRODUCT_NAME = "$(TARGET_NAME)";
				SWIFT_EMIT_LOC_STRINGS = NO;
				SWIFT_VERSION = 5.0;
				TARGETED_DEVICE_FAMILY = "1,2";
				TEST_HOST = "$(BUILT_PRODUCTS_DIR)/CodeChallege.app/CodeChallege";
			};
			name = Release;
		};
		06A3714C28AD75B20097D417 /* Debug */ = {
			isa = XCBuildConfiguration;
			buildSettings = {
				ALWAYS_EMBED_SWIFT_STANDARD_LIBRARIES = YES;
				CODE_SIGN_STYLE = Automatic;
				CURRENT_PROJECT_VERSION = 1;
				DEVELOPMENT_TEAM = J5RNLY2LS2;
				GENERATE_INFOPLIST_FILE = YES;
				MARKETING_VERSION = 1.0;
				PRODUCT_BUNDLE_IDENTIFIER = Alex.CodeChallegeUITests;
				PRODUCT_NAME = "$(TARGET_NAME)";
				SWIFT_EMIT_LOC_STRINGS = NO;
				SWIFT_VERSION = 5.0;
				TARGETED_DEVICE_FAMILY = "1,2";
				TEST_TARGET_NAME = CodeChallege;
			};
			name = Debug;
		};
		06A3714D28AD75B20097D417 /* Release */ = {
			isa = XCBuildConfiguration;
			buildSettings = {
				ALWAYS_EMBED_SWIFT_STANDARD_LIBRARIES = YES;
				CODE_SIGN_STYLE = Automatic;
				CURRENT_PROJECT_VERSION = 1;
				DEVELOPMENT_TEAM = J5RNLY2LS2;
				GENERATE_INFOPLIST_FILE = YES;
				MARKETING_VERSION = 1.0;
				PRODUCT_BUNDLE_IDENTIFIER = Alex.CodeChallegeUITests;
				PRODUCT_NAME = "$(TARGET_NAME)";
				SWIFT_EMIT_LOC_STRINGS = NO;
				SWIFT_VERSION = 5.0;
				TARGETED_DEVICE_FAMILY = "1,2";
				TEST_TARGET_NAME = CodeChallege;
			};
			name = Release;
		};
/* End XCBuildConfiguration section */

/* Begin XCConfigurationList section */
		06A3711728AD75AD0097D417 /* Build configuration list for PBXProject "CodeChallege" */ = {
			isa = XCConfigurationList;
			buildConfigurations = (
				06A3714328AD75B20097D417 /* Debug */,
				06A3714428AD75B20097D417 /* Release */,
			);
			defaultConfigurationIsVisible = 0;
			defaultConfigurationName = Release;
		};
		06A3714528AD75B20097D417 /* Build configuration list for PBXNativeTarget "CodeChallege" */ = {
			isa = XCConfigurationList;
			buildConfigurations = (
				06A3714628AD75B20097D417 /* Debug */,
				06A3714728AD75B20097D417 /* Release */,
			);
			defaultConfigurationIsVisible = 0;
			defaultConfigurationName = Release;
		};
		06A3714828AD75B20097D417 /* Build configuration list for PBXNativeTarget "CodeChallegeTests" */ = {
			isa = XCConfigurationList;
			buildConfigurations = (
				06A3714928AD75B20097D417 /* Debug */,
				06A3714A28AD75B20097D417 /* Release */,
			);
			defaultConfigurationIsVisible = 0;
			defaultConfigurationName = Release;
		};
		06A3714B28AD75B20097D417 /* Build configuration list for PBXNativeTarget "CodeChallegeUITests" */ = {
			isa = XCConfigurationList;
			buildConfigurations = (
				06A3714C28AD75B20097D417 /* Debug */,
				06A3714D28AD75B20097D417 /* Release */,
			);
			defaultConfigurationIsVisible = 0;
			defaultConfigurationName = Release;
		};
/* End XCConfigurationList section */

/* Begin XCVersionGroup section */
		06A3712A28AD75B20097D417 /* CodeChallege.xcdatamodeld */ = {
			isa = XCVersionGroup;
			children = (
				06A3712B28AD75B20097D417 /* CodeChallege.xcdatamodel */,
			);
			currentVersion = 06A3712B28AD75B20097D417 /* CodeChallege.xcdatamodel */;
			path = CodeChallege.xcdatamodeld;
			sourceTree = "<group>";
			versionGroupType = wrapper.xcdatamodel;
		};
/* End XCVersionGroup section */
	};
	rootObject = 06A3711428AD75AD0097D417 /* Project object */;
}
